
Microsoft Visual Studio Solution File, Format Version 12.00
# Visual Studio 15
VisualStudioVersion = 15.0.27703.2047
MinimumVisualStudioVersion = 10.0.40219.1
Project("{FAE04EC0-301F-11D3-BF4B-00C04F79EFBC}") = "TallerAPI.xamarin.Android", "TallerAPI.xamarin\TallerAPI.xamarin.Android\TallerAPI.xamarin.Android.csproj", "{7BD7213E-DABB-47A7-9CE6-6A4192787EA3}"
EndProject
Project("{FAE04EC0-301F-11D3-BF4B-00C04F79EFBC}") = "TallerAPI.xamarin", "TallerAPI.xamarin\TallerAPI.xamarin\TallerAPI.xamarin.csproj", "{CBC53438-83FC-46F3-A795-4801EB93075C}"
EndProject
Global
	GlobalSection(SolutionConfigurationPlatforms) = preSolution
		Debug|Any CPU = Debug|Any CPU
		Release|Any CPU = Release|Any CPU
	EndGlobalSection
	GlobalSection(ProjectConfigurationPlatforms) = postSolution
		{7BD7213E-DABB-47A7-9CE6-6A4192787EA3}.Debug|Any CPU.ActiveCfg = Debug|Any CPU
		{7BD7213E-DABB-47A7-9CE6-6A4192787EA3}.Debug|Any CPU.Build.0 = Debug|Any CPU
		{7BD7213E-DABB-47A7-9CE6-6A4192787EA3}.Debug|Any CPU.Deploy.0 = Debug|Any CPU
		{7BD7213E-DABB-47A7-9CE6-6A4192787EA3}.Release|Any CPU.ActiveCfg = Release|Any CPU
		{7BD7213E-DABB-47A7-9CE6-6A4192787EA3}.Release|Any CPU.Build.0 = Release|Any CPU
		{7BD7213E-DABB-47A7-9CE6-6A4192787EA3}.Release|Any CPU.Deploy.0 = Release|Any CPU
		{CBC53438-83FC-46F3-A795-4801EB93075C}.Debug|Any CPU.ActiveCfg = Debug|Any CPU
		{CBC53438-83FC-46F3-A795-4801EB93075C}.Debug|Any CPU.Build.0 = Debug|Any CPU
		{CBC53438-83FC-46F3-A795-4801EB93075C}.Debug|Any CPU.Deploy.0 = Debug|Any CPU
		{CBC53438-83FC-46F3-A795-4801EB93075C}.Release|Any CPU.ActiveCfg = Release|Any CPU
		{CBC53438-83FC-46F3-A795-4801EB93075C}.Release|Any CPU.Build.0 = Release|Any CPU
		{CBC53438-83FC-46F3-A795-4801EB93075C}.Release|Any CPU.Deploy.0 = Release|Any CPU
	EndGlobalSection
	GlobalSection(SolutionProperties) = preSolution
		HideSolutionNode = FALSE
	EndGlobalSection
	GlobalSection(ExtensibilityGlobals) = postSolution
		SolutionGuid = {3D67273B-D08F-42D6-84C3-5D7300838516}
	EndGlobalSection
EndGlobal
